
Microsoft Visual Studio Solution File, Format Version 12.00
# Visual Studio Version 16
VisualStudioVersion = 16.0.30309.148
MinimumVisualStudioVersion = 10.0.40219.1
Project("{FAE04EC0-301F-11D3-BF4B-00C04F79EFBC}") = "redischat", "redischat\redischat.csproj", "{79BE6C36-F1E8-44A1-9931-58803B44DDFC}"
EndProject
Global
	GlobalSection(SolutionConfigurationPlatforms) = preSolution
		Debug|Any CPU = Debug|Any CPU
		Release|Any CPU = Release|Any CPU
	EndGlobalSection
	GlobalSection(ProjectConfigurationPlatforms) = postSolution
		{79BE6C36-F1E8-44A1-9931-58803B44DDFC}.Debug|Any CPU.ActiveCfg = Debug|Any CPU
		{79BE6C36-F1E8-44A1-9931-58803B44DDFC}.Debug|Any CPU.Build.0 = Debug|Any CPU
		{79BE6C36-F1E8-44A1-9931-58803B44DDFC}.Release|Any CPU.ActiveCfg = Release|Any CPU
		{79BE6C36-F1E8-44A1-9931-58803B44DDFC}.Release|Any CPU.Build.0 = Release|Any CPU
	EndGlobalSection
	GlobalSection(SolutionProperties) = preSolution
		HideSolutionNode = FALSE
	EndGlobalSection
	GlobalSection(ExtensibilityGlobals) = postSolution
		SolutionGuid = {70C27B3D-F6B9-4C3B-8592-DD0B5EFC5DE5}
	EndGlobalSection
EndGlobal
